
Microsoft Visual Studio Solution File, Format Version 12.00
# Visual Studio Version 17
VisualStudioVersion = 17.13.35919.96 d17.13
MinimumVisualStudioVersion = 10.0.40219.1
Project("{FAE04EC0-301F-11D3-BF4B-00C04F79EFBC}") = "PrimeraAPI", "PrimeraAPI\PrimeraAPI.csproj", "{5087788D-0F81-4A3D-B01A-16141D1D8095}"
EndProject
Global
	GlobalSection(SolutionConfigurationPlatforms) = preSolution
		Debug|Any CPU = Debug|Any CPU
		Release|Any CPU = Release|Any CPU
	EndGlobalSection
	GlobalSection(ProjectConfigurationPlatforms) = postSolution
		{5087788D-0F81-4A3D-B01A-16141D1D8095}.Debug|Any CPU.ActiveCfg = Debug|Any CPU
		{5087788D-0F81-4A3D-B01A-16141D1D8095}.Debug|Any CPU.Build.0 = Debug|Any CPU
		{5087788D-0F81-4A3D-B01A-16141D1D8095}.Release|Any CPU.ActiveCfg = Release|Any CPU
		{5087788D-0F81-4A3D-B01A-16141D1D8095}.Release|Any CPU.Build.0 = Release|Any CPU
	EndGlobalSection
	GlobalSection(SolutionProperties) = preSolution
		HideSolutionNode = FALSE
	EndGlobalSection
	GlobalSection(ExtensibilityGlobals) = postSolution
		SolutionGuid = {E6623D0A-04EB-4A07-803A-CA1427BCF4FE}
	EndGlobalSection
EndGlobal
